// !$*UTF8*$!
{
	archiveVersion = 1;
	classes = {
	};
	objectVersion = 51;
	objects = {

/* Begin PBXBuildFile section */
		04052AD424E80337000CC3DC /* ProductCategoryModel.swift in Sources */ = {isa = PBXBuildFile; fileRef = 04052AD324E80337000CC3DC /* ProductCategoryModel.swift */; };
		04207DAE24EAFF19008CF38B /* Extensions.swift in Sources */ = {isa = PBXBuildFile; fileRef = 04207DAD24EAFF19008CF38B /* Extensions.swift */; };
		04207DB124EB189C008CF38B /* MenuItemViewCell.swift in Sources */ = {isa = PBXBuildFile; fileRef = 04207DAF24EB189C008CF38B /* MenuItemViewCell.swift */; };
		04207DB224EB189C008CF38B /* MenuItemViewCell.xib in Resources */ = {isa = PBXBuildFile; fileRef = 04207DB024EB189C008CF38B /* MenuItemViewCell.xib */; };
		04207DB524EB380F008CF38B /* ProductCategoryData.swift in Sources */ = {isa = PBXBuildFile; fileRef = 04207DB424EB380F008CF38B /* ProductCategoryData.swift */; };
		0474877624E604CD0034D6A4 /* PromotionCollectionViewCell.swift in Sources */ = {isa = PBXBuildFile; fileRef = 0474877424E604CD0034D6A4 /* PromotionCollectionViewCell.swift */; };
		0474877724E604CD0034D6A4 /* PromotionCollectionViewCell.xib in Resources */ = {isa = PBXBuildFile; fileRef = 0474877524E604CD0034D6A4 /* PromotionCollectionViewCell.xib */; };
		0474877A24E605E80034D6A4 /* MapCollectionViewCell.swift in Sources */ = {isa = PBXBuildFile; fileRef = 0474877824E605E80034D6A4 /* MapCollectionViewCell.swift */; };
		0474877B24E605E80034D6A4 /* MapCollectionViewCell.xib in Resources */ = {isa = PBXBuildFile; fileRef = 0474877924E605E80034D6A4 /* MapCollectionViewCell.xib */; };
		04A8F2DE2537897100E2E176 /* ShoppingCartViewController.swift in Sources */ = {isa = PBXBuildFile; fileRef = 04A8F2DD2537897100E2E176 /* ShoppingCartViewController.swift */; };
		04A8F2E125378C3100E2E176 /* ShoppingCartItemCell.swift in Sources */ = {isa = PBXBuildFile; fileRef = 04A8F2DF25378C3100E2E176 /* ShoppingCartItemCell.swift */; };
		04A8F2E225378C3100E2E176 /* ShoppingCartItemCell.xib in Resources */ = {isa = PBXBuildFile; fileRef = 04A8F2E025378C3100E2E176 /* ShoppingCartItemCell.xib */; };
		04BD2D0D2524955300ECEB86 /* ItemViewCell.swift in Sources */ = {isa = PBXBuildFile; fileRef = 04BD2D0B2524955300ECEB86 /* ItemViewCell.swift */; };
		04BD2D0E2524955300ECEB86 /* ItemViewCell.xib in Resources */ = {isa = PBXBuildFile; fileRef = 04BD2D0C2524955300ECEB86 /* ItemViewCell.xib */; };
		04BD2D132524B34D00ECEB86 /* ProductItemHeaderCell.swift in Sources */ = {isa = PBXBuildFile; fileRef = 04BD2D112524B34D00ECEB86 /* ProductItemHeaderCell.swift */; };
		04BD2D142524B34D00ECEB86 /* ProductItemHeaderCell.xib in Resources */ = {isa = PBXBuildFile; fileRef = 04BD2D122524B34D00ECEB86 /* ProductItemHeaderCell.xib */; };
		04C5CC8B24DD5FFB0071CF42 /* AppDelegate.swift in Sources */ = {isa = PBXBuildFile; fileRef = 04C5CC8A24DD5FFB0071CF42 /* AppDelegate.swift */; };
		04C5CC8D24DD5FFB0071CF42 /* SceneDelegate.swift in Sources */ = {isa = PBXBuildFile; fileRef = 04C5CC8C24DD5FFB0071CF42 /* SceneDelegate.swift */; };
		04C5CC9424DD5FFB0071CF42 /* Main.storyboard in Resources */ = {isa = PBXBuildFile; fileRef = 04C5CC9224DD5FFB0071CF42 /* Main.storyboard */; };
		04C5CC9624DD5FFD0071CF42 /* Assets.xcassets in Resources */ = {isa = PBXBuildFile; fileRef = 04C5CC9524DD5FFD0071CF42 /* Assets.xcassets */; };
		04C5CC9924DD5FFD0071CF42 /* LaunchScreen.storyboard in Resources */ = {isa = PBXBuildFile; fileRef = 04C5CC9724DD5FFD0071CF42 /* LaunchScreen.storyboard */; };
		04C5CCA424DD6A180071CF42 /* HomeViewController.swift in Sources */ = {isa = PBXBuildFile; fileRef = 04C5CCA324DD6A180071CF42 /* HomeViewController.swift */; };
		04C97BEF24F6944800E39D05 /* ProductModel.swift in Sources */ = {isa = PBXBuildFile; fileRef = 04C97BEE24F6944800E39D05 /* ProductModel.swift */; };
		04C97BF124F6954D00E39D05 /* DatabaseUploaderViewController.swift in Sources */ = {isa = PBXBuildFile; fileRef = 04C97BF024F6954D00E39D05 /* DatabaseUploaderViewController.swift */; };
		04C97BFB24F6ABDD00E39D05 /* GoogleService-Info.plist in Resources */ = {isa = PBXBuildFile; fileRef = 04C97BFA24F6ABDD00E39D05 /* GoogleService-Info.plist */; };
		04CF510724E0193C0055F37A /* MainPageGetirButtons.swift in Sources */ = {isa = PBXBuildFile; fileRef = 04CF510624E0193C0055F37A /* MainPageGetirButtons.swift */; };
		04CF510A24E021580055F37A /* Cocon-RegularTR.ttf in Resources */ = {isa = PBXBuildFile; fileRef = 04CF510924E021580055F37A /* Cocon-RegularTR.ttf */; };
		04D0D1B82530C82B00131F90 /* ShoppingCartData.swift in Sources */ = {isa = PBXBuildFile; fileRef = 04D0D1B72530C82B00131F90 /* ShoppingCartData.swift */; };
		04D0D1BA2530C89600131F90 /* ShoppingCartModel.swift in Sources */ = {isa = PBXBuildFile; fileRef = 04D0D1B92530C89600131F90 /* ShoppingCartModel.swift */; };
		04DF1CF42674B8F7008F9BDB /* ProductModel.xcdatamodeld in Sources */ = {isa = PBXBuildFile; fileRef = 04DF1CF22674B8F7008F9BDB /* ProductModel.xcdatamodeld */; };
		04E9CB2D24E8A7550074D687 /* ProductCategoryViewController.swift in Sources */ = {isa = PBXBuildFile; fileRef = 04E9CB2C24E8A7550074D687 /* ProductCategoryViewController.swift */; };
		04E9CB3024E8AEC50074D687 /* MenuBarResuableView.swift in Sources */ = {isa = PBXBuildFile; fileRef = 04E9CB2E24E8AEC50074D687 /* MenuBarResuableView.swift */; };
		04E9CB3124E8AEC50074D687 /* MenuBarResuableView.xib in Resources */ = {isa = PBXBuildFile; fileRef = 04E9CB2F24E8AEC50074D687 /* MenuBarResuableView.xib */; };
		04ED282924DECF500077EC0B /* TabViewController.swift in Sources */ = {isa = PBXBuildFile; fileRef = 04ED282824DECF500077EC0B /* TabViewController.swift */; };
		04ED282C24DED53F0077EC0B /* AddressCellTableViewCell.swift in Sources */ = {isa = PBXBuildFile; fileRef = 04ED282A24DED53F0077EC0B /* AddressCellTableViewCell.swift */; };
		04ED282D24DED53F0077EC0B /* AddressCellTableViewCell.xib in Resources */ = {isa = PBXBuildFile; fileRef = 04ED282B24DED53F0077EC0B /* AddressCellTableViewCell.xib */; };
		04ED282F24DEE01E0077EC0B /* Constants.swift in Sources */ = {isa = PBXBuildFile; fileRef = 04ED282E24DEE01E0077EC0B /* Constants.swift */; };
		04ED285224DF05D30077EC0B /* ProductCategoryCollectionViewCell.swift in Sources */ = {isa = PBXBuildFile; fileRef = 04ED285024DF05D30077EC0B /* ProductCategoryCollectionViewCell.swift */; };
		04ED285324DF05D30077EC0B /* ProductCategoryCollectionViewCell.xib in Resources */ = {isa = PBXBuildFile; fileRef = 04ED285124DF05D30077EC0B /* ProductCategoryCollectionViewCell.xib */; };
		04F984F725336163006D69BE /* ItemDetailsVeiwController.swift in Sources */ = {isa = PBXBuildFile; fileRef = 04F984F625336163006D69BE /* ItemDetailsVeiwController.swift */; };
		04F984F9253365BA006D69BE /* ProductData.swift in Sources */ = {isa = PBXBuildFile; fileRef = 04F984F8253365BA006D69BE /* ProductData.swift */; };
		5C1B9E97EABFE7346213B714 /* Pods_GetirReplika.framework in Frameworks */ = {isa = PBXBuildFile; fileRef = 63762DD7B9D900B2526BE105 /* Pods_GetirReplika.framework */; };
/* End PBXBuildFile section */

/* Begin PBXFileReference section */
		04052AD324E80337000CC3DC /* ProductCategoryModel.swift */ = {isa = PBXFileReference; lastKnownFileType = sourcecode.swift; path = ProductCategoryModel.swift; sourceTree = "<group>"; };
		04207DAD24EAFF19008CF38B /* Extensions.swift */ = {isa = PBXFileReference; lastKnownFileType = sourcecode.swift; path = Extensions.swift; sourceTree = "<group>"; };
		04207DAF24EB189C008CF38B /* MenuItemViewCell.swift */ = {isa = PBXFileReference; lastKnownFileType = sourcecode.swift; path = MenuItemViewCell.swift; sourceTree = "<group>"; };
		04207DB024EB189C008CF38B /* MenuItemViewCell.xib */ = {isa = PBXFileReference; lastKnownFileType = file.xib; path = MenuItemViewCell.xib; sourceTree = "<group>"; };
		04207DB424EB380F008CF38B /* ProductCategoryData.swift */ = {isa = PBXFileReference; lastKnownFileType = sourcecode.swift; path = ProductCategoryData.swift; sourceTree = "<group>"; };
		0474877424E604CD0034D6A4 /* PromotionCollectionViewCell.swift */ = {isa = PBXFileReference; lastKnownFileType = sourcecode.swift; path = PromotionCollectionViewCell.swift; sourceTree = "<group>"; };
		0474877524E604CD0034D6A4 /* PromotionCollectionViewCell.xib */ = {isa = PBXFileReference; lastKnownFileType = file.xib; path = PromotionCollectionViewCell.xib; sourceTree = "<group>"; };
		0474877824E605E80034D6A4 /* MapCollectionViewCell.swift */ = {isa = PBXFileReference; lastKnownFileType = sourcecode.swift; path = MapCollectionViewCell.swift; sourceTree = "<group>"; };
		0474877924E605E80034D6A4 /* MapCollectionViewCell.xib */ = {isa = PBXFileReference; lastKnownFileType = file.xib; path = MapCollectionViewCell.xib; sourceTree = "<group>"; };
		04A8F2DD2537897100E2E176 /* ShoppingCartViewController.swift */ = {isa = PBXFileReference; lastKnownFileType = sourcecode.swift; path = ShoppingCartViewController.swift; sourceTree = "<group>"; };
		04A8F2DF25378C3100E2E176 /* ShoppingCartItemCell.swift */ = {isa = PBXFileReference; lastKnownFileType = sourcecode.swift; path = ShoppingCartItemCell.swift; sourceTree = "<group>"; };
		04A8F2E025378C3100E2E176 /* ShoppingCartItemCell.xib */ = {isa = PBXFileReference; lastKnownFileType = file.xib; path = ShoppingCartItemCell.xib; sourceTree = "<group>"; };
		04BD2D0B2524955300ECEB86 /* ItemViewCell.swift */ = {isa = PBXFileReference; lastKnownFileType = sourcecode.swift; path = ItemViewCell.swift; sourceTree = "<group>"; };
		04BD2D0C2524955300ECEB86 /* ItemViewCell.xib */ = {isa = PBXFileReference; lastKnownFileType = file.xib; path = ItemViewCell.xib; sourceTree = "<group>"; };
		04BD2D112524B34D00ECEB86 /* ProductItemHeaderCell.swift */ = {isa = PBXFileReference; lastKnownFileType = sourcecode.swift; path = ProductItemHeaderCell.swift; sourceTree = "<group>"; };
		04BD2D122524B34D00ECEB86 /* ProductItemHeaderCell.xib */ = {isa = PBXFileReference; lastKnownFileType = file.xib; path = ProductItemHeaderCell.xib; sourceTree = "<group>"; };
		04C5CC8724DD5FFB0071CF42 /* GetirReplika.app */ = {isa = PBXFileReference; explicitFileType = wrapper.application; includeInIndex = 0; path = GetirReplika.app; sourceTree = BUILT_PRODUCTS_DIR; };
		04C5CC8A24DD5FFB0071CF42 /* AppDelegate.swift */ = {isa = PBXFileReference; lastKnownFileType = sourcecode.swift; path = AppDelegate.swift; sourceTree = "<group>"; };
		04C5CC8C24DD5FFB0071CF42 /* SceneDelegate.swift */ = {isa = PBXFileReference; lastKnownFileType = sourcecode.swift; path = SceneDelegate.swift; sourceTree = "<group>"; };
		04C5CC9324DD5FFB0071CF42 /* Base */ = {isa = PBXFileReference; lastKnownFileType = file.storyboard; name = Base; path = Base.lproj/Main.storyboard; sourceTree = "<group>"; };
		04C5CC9524DD5FFD0071CF42 /* Assets.xcassets */ = {isa = PBXFileReference; lastKnownFileType = folder.assetcatalog; path = Assets.xcassets; sourceTree = "<group>"; };
		04C5CC9824DD5FFD0071CF42 /* Base */ = {isa = PBXFileReference; lastKnownFileType = file.storyboard; name = Base; path = Base.lproj/LaunchScreen.storyboard; sourceTree = "<group>"; };
		04C5CC9A24DD5FFD0071CF42 /* Info.plist */ = {isa = PBXFileReference; lastKnownFileType = text.plist.xml; path = Info.plist; sourceTree = "<group>"; };
		04C5CCA324DD6A180071CF42 /* HomeViewController.swift */ = {isa = PBXFileReference; lastKnownFileType = sourcecode.swift; path = HomeViewController.swift; sourceTree = "<group>"; };
		04C97BEE24F6944800E39D05 /* ProductModel.swift */ = {isa = PBXFileReference; lastKnownFileType = sourcecode.swift; path = ProductModel.swift; sourceTree = "<group>"; };
		04C97BF024F6954D00E39D05 /* DatabaseUploaderViewController.swift */ = {isa = PBXFileReference; lastKnownFileType = sourcecode.swift; path = DatabaseUploaderViewController.swift; sourceTree = "<group>"; };
		04C97BFA24F6ABDD00E39D05 /* GoogleService-Info.plist */ = {isa = PBXFileReference; fileEncoding = 4; lastKnownFileType = text.plist.xml; name = "GoogleService-Info.plist"; path = "../../../../Downloads/GoogleService-Info.plist"; sourceTree = "<group>"; };
		04CF510624E0193C0055F37A /* MainPageGetirButtons.swift */ = {isa = PBXFileReference; lastKnownFileType = sourcecode.swift; name = MainPageGetirButtons.swift; path = GetirReplika/View/Subview/MainPageGetirButtons.swift; sourceTree = SOURCE_ROOT; };
		04CF510924E021580055F37A /* Cocon-RegularTR.ttf */ = {isa = PBXFileReference; lastKnownFileType = file; path = "Cocon-RegularTR.ttf"; sourceTree = "<group>"; };
		04D0D1B72530C82B00131F90 /* ShoppingCartData.swift */ = {isa = PBXFileReference; lastKnownFileType = sourcecode.swift; path = ShoppingCartData.swift; sourceTree = "<group>"; };
		04D0D1B92530C89600131F90 /* ShoppingCartModel.swift */ = {isa = PBXFileReference; lastKnownFileType = sourcecode.swift; path = ShoppingCartModel.swift; sourceTree = "<group>"; };
		04DF1CF32674B8F7008F9BDB /* ProductModel.xcdatamodel */ = {isa = PBXFileReference; lastKnownFileType = wrapper.xcdatamodel; path = ProductModel.xcdatamodel; sourceTree = "<group>"; };
		04E9CB2C24E8A7550074D687 /* ProductCategoryViewController.swift */ = {isa = PBXFileReference; lastKnownFileType = sourcecode.swift; path = ProductCategoryViewController.swift; sourceTree = "<group>"; };
		04E9CB2E24E8AEC50074D687 /* MenuBarResuableView.swift */ = {isa = PBXFileReference; lastKnownFileType = sourcecode.swift; path = MenuBarResuableView.swift; sourceTree = "<group>"; };
		04E9CB2F24E8AEC50074D687 /* MenuBarResuableView.xib */ = {isa = PBXFileReference; lastKnownFileType = file.xib; path = MenuBarResuableView.xib; sourceTree = "<group>"; };
		04ED282824DECF500077EC0B /* TabViewController.swift */ = {isa = PBXFileReference; lastKnownFileType = sourcecode.swift; path = TabViewController.swift; sourceTree = "<group>"; };
		04ED282A24DED53F0077EC0B /* AddressCellTableViewCell.swift */ = {isa = PBXFileReference; lastKnownFileType = sourcecode.swift; path = AddressCellTableViewCell.swift; sourceTree = "<group>"; };
		04ED282B24DED53F0077EC0B /* AddressCellTableViewCell.xib */ = {isa = PBXFileReference; lastKnownFileType = file.xib; path = AddressCellTableViewCell.xib; sourceTree = "<group>"; };
		04ED282E24DEE01E0077EC0B /* Constants.swift */ = {isa = PBXFileReference; lastKnownFileType = sourcecode.swift; path = Constants.swift; sourceTree = "<group>"; };
		04ED285024DF05D30077EC0B /* ProductCategoryCollectionViewCell.swift */ = {isa = PBXFileReference; lastKnownFileType = sourcecode.swift; path = ProductCategoryCollectionViewCell.swift; sourceTree = "<group>"; };
		04ED285124DF05D30077EC0B /* ProductCategoryCollectionViewCell.xib */ = {isa = PBXFileReference; lastKnownFileType = file.xib; path = ProductCategoryCollectionViewCell.xib; sourceTree = "<group>"; };
		04F984F625336163006D69BE /* ItemDetailsVeiwController.swift */ = {isa = PBXFileReference; lastKnownFileType = sourcecode.swift; path = ItemDetailsVeiwController.swift; sourceTree = "<group>"; };
		04F984F8253365BA006D69BE /* ProductData.swift */ = {isa = PBXFileReference; lastKnownFileType = sourcecode.swift; path = ProductData.swift; sourceTree = "<group>"; };
		31BC2B5B24A987F9B4E89E85 /* Pods-GetirReplika.release.xcconfig */ = {isa = PBXFileReference; includeInIndex = 1; lastKnownFileType = text.xcconfig; name = "Pods-GetirReplika.release.xcconfig"; path = "Target Support Files/Pods-GetirReplika/Pods-GetirReplika.release.xcconfig"; sourceTree = "<group>"; };
		63762DD7B9D900B2526BE105 /* Pods_GetirReplika.framework */ = {isa = PBXFileReference; explicitFileType = wrapper.framework; includeInIndex = 0; path = Pods_GetirReplika.framework; sourceTree = BUILT_PRODUCTS_DIR; };
		883A1225E9A968F31AD47CCA /* Pods-GetirReplika.debug.xcconfig */ = {isa = PBXFileReference; includeInIndex = 1; lastKnownFileType = text.xcconfig; name = "Pods-GetirReplika.debug.xcconfig"; path = "Target Support Files/Pods-GetirReplika/Pods-GetirReplika.debug.xcconfig"; sourceTree = "<group>"; };
/* End PBXFileReference section */

/* Begin PBXFrameworksBuildPhase section */
		04C5CC8424DD5FFB0071CF42 /* Frameworks */ = {
			isa = PBXFrameworksBuildPhase;
			buildActionMask = 2147483647;
			files = (
				5C1B9E97EABFE7346213B714 /* Pods_GetirReplika.framework in Frameworks */,
			);
			runOnlyForDeploymentPostprocessing = 0;
		};
/* End PBXFrameworksBuildPhase section */

/* Begin PBXGroup section */
		0474877324E604860034D6A4 /* Subview */ = {
			isa = PBXGroup;
			children = (
				04ED282A24DED53F0077EC0B /* AddressCellTableViewCell.swift */,
				04ED282B24DED53F0077EC0B /* AddressCellTableViewCell.xib */,
				04ED285024DF05D30077EC0B /* ProductCategoryCollectionViewCell.swift */,
				04ED285124DF05D30077EC0B /* ProductCategoryCollectionViewCell.xib */,
				0474877424E604CD0034D6A4 /* PromotionCollectionViewCell.swift */,
				0474877524E604CD0034D6A4 /* PromotionCollectionViewCell.xib */,
				0474877824E605E80034D6A4 /* MapCollectionViewCell.swift */,
				0474877924E605E80034D6A4 /* MapCollectionViewCell.xib */,
				04CF510624E0193C0055F37A /* MainPageGetirButtons.swift */,
				04E9CB2E24E8AEC50074D687 /* MenuBarResuableView.swift */,
				04E9CB2F24E8AEC50074D687 /* MenuBarResuableView.xib */,
				04207DAF24EB189C008CF38B /* MenuItemViewCell.swift */,
				04207DB024EB189C008CF38B /* MenuItemViewCell.xib */,
				04BD2D0B2524955300ECEB86 /* ItemViewCell.swift */,
				04BD2D0C2524955300ECEB86 /* ItemViewCell.xib */,
				04BD2D112524B34D00ECEB86 /* ProductItemHeaderCell.swift */,
				04BD2D122524B34D00ECEB86 /* ProductItemHeaderCell.xib */,
				04A8F2DF25378C3100E2E176 /* ShoppingCartItemCell.swift */,
				04A8F2E025378C3100E2E176 /* ShoppingCartItemCell.xib */,
			);
			path = Subview;
			sourceTree = "<group>";
		};
		04C5CC7E24DD5FFB0071CF42 = {
			isa = PBXGroup;
			children = (
				04C5CC8924DD5FFB0071CF42 /* GetirReplika */,
				04C5CC8824DD5FFB0071CF42 /* Products */,
				6E819ABAA491F90122411BD1 /* Pods */,
				2EA1BCE0131E22C3B86AD573 /* Frameworks */,
			);
			sourceTree = "<group>";
		};
		04C5CC8824DD5FFB0071CF42 /* Products */ = {
			isa = PBXGroup;
			children = (
				04C5CC8724DD5FFB0071CF42 /* GetirReplika.app */,
			);
			name = Products;
			sourceTree = "<group>";
		};
		04C5CC8924DD5FFB0071CF42 /* GetirReplika */ = {
			isa = PBXGroup;
			children = (
				04CF510824E021430055F37A /* Fonts */,
				04C5CC8A24DD5FFB0071CF42 /* AppDelegate.swift */,
				04C5CC8C24DD5FFB0071CF42 /* SceneDelegate.swift */,
				04C5CC9524DD5FFD0071CF42 /* Assets.xcassets */,
				04C5CCA024DD698F0071CF42 /* Model */,
				04C5CCA124DD699C0071CF42 /* ViewController */,
				04C5CCA224DD69AE0071CF42 /* View */,
				04C5CC9A24DD5FFD0071CF42 /* Info.plist */,
				04ED282E24DEE01E0077EC0B /* Constants.swift */,
				04207DAD24EAFF19008CF38B /* Extensions.swift */,
				04C97BFA24F6ABDD00E39D05 /* GoogleService-Info.plist */,
			);
			path = GetirReplika;
			sourceTree = "<group>";
		};
		04C5CCA024DD698F0071CF42 /* Model */ = {
			isa = PBXGroup;
			children = (
				04052AD324E80337000CC3DC /* ProductCategoryModel.swift */,
				04207DB424EB380F008CF38B /* ProductCategoryData.swift */,
				04C97BEE24F6944800E39D05 /* ProductModel.swift */,
				04F984F8253365BA006D69BE /* ProductData.swift */,
				04D0D1B72530C82B00131F90 /* ShoppingCartData.swift */,
				04D0D1B92530C89600131F90 /* ShoppingCartModel.swift */,
				04DF1CF22674B8F7008F9BDB /* ProductModel.xcdatamodeld */,
			);
			path = Model;
			sourceTree = "<group>";
		};
		04C5CCA124DD699C0071CF42 /* ViewController */ = {
			isa = PBXGroup;
			children = (
				04C5CCA324DD6A180071CF42 /* HomeViewController.swift */,
				04E9CB2C24E8A7550074D687 /* ProductCategoryViewController.swift */,
				04F984F625336163006D69BE /* ItemDetailsVeiwController.swift */,
				04A8F2DD2537897100E2E176 /* ShoppingCartViewController.swift */,
				04ED282824DECF500077EC0B /* TabViewController.swift */,
				04C97BF024F6954D00E39D05 /* DatabaseUploaderViewController.swift */,
			);
			path = ViewController;
			sourceTree = "<group>";
		};
		04C5CCA224DD69AE0071CF42 /* View */ = {
			isa = PBXGroup;
			children = (
				0474877324E604860034D6A4 /* Subview */,
				04C5CC9224DD5FFB0071CF42 /* Main.storyboard */,
				04C5CC9724DD5FFD0071CF42 /* LaunchScreen.storyboard */,
			);
			path = View;
			sourceTree = "<group>";
		};
		04CF510824E021430055F37A /* Fonts */ = {
			isa = PBXGroup;
			children = (
				04CF510924E021580055F37A /* Cocon-RegularTR.ttf */,
			);
			path = Fonts;
			sourceTree = "<group>";
		};
		2EA1BCE0131E22C3B86AD573 /* Frameworks */ = {
			isa = PBXGroup;
			children = (
				63762DD7B9D900B2526BE105 /* Pods_GetirReplika.framework */,
			);
			name = Frameworks;
			sourceTree = "<group>";
		};
		6E819ABAA491F90122411BD1 /* Pods */ = {
			isa = PBXGroup;
			children = (
				883A1225E9A968F31AD47CCA /* Pods-GetirReplika.debug.xcconfig */,
				31BC2B5B24A987F9B4E89E85 /* Pods-GetirReplika.release.xcconfig */,
			);
			path = Pods;
			sourceTree = "<group>";
		};
/* End PBXGroup section */

/* Begin PBXNativeTarget section */
		04C5CC8624DD5FFB0071CF42 /* GetirReplika */ = {
			isa = PBXNativeTarget;
			buildConfigurationList = 04C5CC9D24DD5FFD0071CF42 /* Build configuration list for PBXNativeTarget "GetirReplika" */;
			buildPhases = (
				AA1A4A4E881C7C306D541845 /* [CP] Check Pods Manifest.lock */,
				04C5CC8324DD5FFB0071CF42 /* Sources */,
				04C5CC8424DD5FFB0071CF42 /* Frameworks */,
				04C5CC8524DD5FFB0071CF42 /* Resources */,
				B368F156ABDA52A4EC51EC65 /* [CP] Embed Pods Frameworks */,
			);
			buildRules = (
			);
			dependencies = (
			);
			name = GetirReplika;
			productName = GetirReplika;
			productReference = 04C5CC8724DD5FFB0071CF42 /* GetirReplika.app */;
			productType = "com.apple.product-type.application";
		};
/* End PBXNativeTarget section */

/* Begin PBXProject section */
		04C5CC7F24DD5FFB0071CF42 /* Project object */ = {
			isa = PBXProject;
			attributes = {
				LastSwiftUpdateCheck = 1150;
				LastUpgradeCheck = 1150;
				ORGANIZATIONNAME = Mac;
				TargetAttributes = {
					04C5CC8624DD5FFB0071CF42 = {
						CreatedOnToolsVersion = 11.5;
					};
				};
			};
			buildConfigurationList = 04C5CC8224DD5FFB0071CF42 /* Build configuration list for PBXProject "GetirReplika" */;
			compatibilityVersion = "Xcode 9.3";
			developmentRegion = en;
			hasScannedForEncodings = 0;
			knownRegions = (
				en,
				Base,
			);
			mainGroup = 04C5CC7E24DD5FFB0071CF42;
			productRefGroup = 04C5CC8824DD5FFB0071CF42 /* Products */;
			projectDirPath = "";
			projectRoot = "";
			targets = (
				04C5CC8624DD5FFB0071CF42 /* GetirReplika */,
			);
		};
/* End PBXProject section */

/* Begin PBXResourcesBuildPhase section */
		04C5CC8524DD5FFB0071CF42 /* Resources */ = {
			isa = PBXResourcesBuildPhase;
			buildActionMask = 2147483647;
			files = (
				04C97BFB24F6ABDD00E39D05 /* GoogleService-Info.plist in Resources */,
				04BD2D0E2524955300ECEB86 /* ItemViewCell.xib in Resources */,
				04ED285324DF05D30077EC0B /* ProductCategoryCollectionViewCell.xib in Resources */,
				04E9CB3124E8AEC50074D687 /* MenuBarResuableView.xib in Resources */,
				04C5CC9924DD5FFD0071CF42 /* LaunchScreen.storyboard in Resources */,
				0474877724E604CD0034D6A4 /* PromotionCollectionViewCell.xib in Resources */,
				04CF510A24E021580055F37A /* Cocon-RegularTR.ttf in Resources */,
				04C5CC9624DD5FFD0071CF42 /* Assets.xcassets in Resources */,
				04207DB224EB189C008CF38B /* MenuItemViewCell.xib in Resources */,
				04BD2D142524B34D00ECEB86 /* ProductItemHeaderCell.xib in Resources */,
				04ED282D24DED53F0077EC0B /* AddressCellTableViewCell.xib in Resources */,
				04C5CC9424DD5FFB0071CF42 /* Main.storyboard in Resources */,
				04A8F2E225378C3100E2E176 /* ShoppingCartItemCell.xib in Resources */,
				0474877B24E605E80034D6A4 /* MapCollectionViewCell.xib in Resources */,
			);
			runOnlyForDeploymentPostprocessing = 0;
		};
/* End PBXResourcesBuildPhase section */

/* Begin PBXShellScriptBuildPhase section */
		AA1A4A4E881C7C306D541845 /* [CP] Check Pods Manifest.lock */ = {
			isa = PBXShellScriptBuildPhase;
			buildActionMask = 2147483647;
			files = (
			);
			inputFileListPaths = (
			);
			inputPaths = (
				"${PODS_PODFILE_DIR_PATH}/Podfile.lock",
				"${PODS_ROOT}/Manifest.lock",
			);
			name = "[CP] Check Pods Manifest.lock";
			outputFileListPaths = (
			);
			outputPaths = (
				"$(DERIVED_FILE_DIR)/Pods-GetirReplika-checkManifestLockResult.txt",
			);
			runOnlyForDeploymentPostprocessing = 0;
			shellPath = /bin/sh;
			shellScript = "diff \"${PODS_PODFILE_DIR_PATH}/Podfile.lock\" \"${PODS_ROOT}/Manifest.lock\" > /dev/null\nif [ $? != 0 ] ; then\n    # print error to STDERR\n    echo \"error: The sandbox is not in sync with the Podfile.lock. Run 'pod install' or update your CocoaPods installation.\" >&2\n    exit 1\nfi\n# This output is used by Xcode 'outputs' to avoid re-running this script phase.\necho \"SUCCESS\" > \"${SCRIPT_OUTPUT_FILE_0}\"\n";
			showEnvVarsInLog = 0;
		};
		B368F156ABDA52A4EC51EC65 /* [CP] Embed Pods Frameworks */ = {
			isa = PBXShellScriptBuildPhase;
			buildActionMask = 2147483647;
			files = (
			);
			inputFileListPaths = (
				"${PODS_ROOT}/Target Support Files/Pods-GetirReplika/Pods-GetirReplika-frameworks-${CONFIGURATION}-input-files.xcfilelist",
			);
			name = "[CP] Embed Pods Frameworks";
			outputFileListPaths = (
				"${PODS_ROOT}/Target Support Files/Pods-GetirReplika/Pods-GetirReplika-frameworks-${CONFIGURATION}-output-files.xcfilelist",
			);
			runOnlyForDeploymentPostprocessing = 0;
			shellPath = /bin/sh;
			shellScript = "\"${PODS_ROOT}/Target Support Files/Pods-GetirReplika/Pods-GetirReplika-frameworks.sh\"\n";
			showEnvVarsInLog = 0;
		};
/* End PBXShellScriptBuildPhase section */

/* Begin PBXSourcesBuildPhase section */
		04C5CC8324DD5FFB0071CF42 /* Sources */ = {
			isa = PBXSourcesBuildPhase;
			buildActionMask = 2147483647;
			files = (
				04BD2D132524B34D00ECEB86 /* ProductItemHeaderCell.swift in Sources */,
				04207DB524EB380F008CF38B /* ProductCategoryData.swift in Sources */,
				04C5CC8B24DD5FFB0071CF42 /* AppDelegate.swift in Sources */,
				04207DAE24EAFF19008CF38B /* Extensions.swift in Sources */,
				04207DB124EB189C008CF38B /* MenuItemViewCell.swift in Sources */,
				04E9CB2D24E8A7550074D687 /* ProductCategoryViewController.swift in Sources */,
				04BD2D0D2524955300ECEB86 /* ItemViewCell.swift in Sources */,
				04052AD424E80337000CC3DC /* ProductCategoryModel.swift in Sources */,
				04A8F2DE2537897100E2E176 /* ShoppingCartViewController.swift in Sources */,
				04C97BF124F6954D00E39D05 /* DatabaseUploaderViewController.swift in Sources */,
				04ED285224DF05D30077EC0B /* ProductCategoryCollectionViewCell.swift in Sources */,
				04ED282C24DED53F0077EC0B /* AddressCellTableViewCell.swift in Sources */,
				04DF1CF42674B8F7008F9BDB /* ProductModel.xcdatamodeld in Sources */,
				04C5CC8D24DD5FFB0071CF42 /* SceneDelegate.swift in Sources */,
				04D0D1B82530C82B00131F90 /* ShoppingCartData.swift in Sources */,
				0474877A24E605E80034D6A4 /* MapCollectionViewCell.swift in Sources */,
				04ED282924DECF500077EC0B /* TabViewController.swift in Sources */,
				04C5CCA424DD6A180071CF42 /* HomeViewController.swift in Sources */,
				04CF510724E0193C0055F37A /* MainPageGetirButtons.swift in Sources */,
				04F984F9253365BA006D69BE /* ProductData.swift in Sources */,
				04A8F2E125378C3100E2E176 /* ShoppingCartItemCell.swift in Sources */,
				04E9CB3024E8AEC50074D687 /* MenuBarResuableView.swift in Sources */,
				04C97BEF24F6944800E39D05 /* ProductModel.swift in Sources */,
				0474877624E604CD0034D6A4 /* PromotionCollectionViewCell.swift in Sources */,
				04ED282F24DEE01E0077EC0B /* Constants.swift in Sources */,
				04F984F725336163006D69BE /* ItemDetailsVeiwController.swift in Sources */,
				04D0D1BA2530C89600131F90 /* ShoppingCartModel.swift in Sources */,
			);
			runOnlyForDeploymentPostprocessing = 0;
		};
/* End PBXSourcesBuildPhase section */

/* Begin PBXVariantGroup section */
		04C5CC9224DD5FFB0071CF42 /* Main.storyboard */ = {
			isa = PBXVariantGroup;
			children = (
				04C5CC9324DD5FFB0071CF42 /* Base */,
			);
			name = Main.storyboard;
			sourceTree = "<group>";
		};
		04C5CC9724DD5FFD0071CF42 /* LaunchScreen.storyboard */ = {
			isa = PBXVariantGroup;
			children = (
				04C5CC9824DD5FFD0071CF42 /* Base */,
			);
			name = LaunchScreen.storyboard;
			sourceTree = "<group>";
		};
/* End PBXVariantGroup section */

/* Begin XCBuildConfiguration section */
		04C5CC9B24DD5FFD0071CF42 /* Debug */ = {
			isa = XCBuildConfiguration;
			buildSettings = {
				ALWAYS_SEARCH_USER_PATHS = NO;
				CLANG_ANALYZER_NONNULL = YES;
				CLANG_ANALYZER_NUMBER_OBJECT_CONVERSION = YES_AGGRESSIVE;
				CLANG_CXX_LANGUAGE_STANDARD = "gnu++14";
				CLANG_CXX_LIBRARY = "libc++";
				CLANG_ENABLE_MODULES = YES;
				CLANG_ENABLE_OBJC_ARC = YES;
				CLANG_ENABLE_OBJC_WEAK = YES;
				CLANG_WARN_BLOCK_CAPTURE_AUTORELEASING = YES;
				CLANG_WARN_BOOL_CONVERSION = YES;
				CLANG_WARN_COMMA = YES;
				CLANG_WARN_CONSTANT_CONVERSION = YES;
				CLANG_WARN_DEPRECATED_OBJC_IMPLEMENTATIONS = YES;
				CLANG_WARN_DIRECT_OBJC_ISA_USAGE = YES_ERROR;
				CLANG_WARN_DOCUMENTATION_COMMENTS = YES;
				CLANG_WARN_EMPTY_BODY = YES;
				CLANG_WARN_ENUM_CONVERSION = YES;
				CLANG_WARN_INFINITE_RECURSION = YES;
				CLANG_WARN_INT_CONVERSION = YES;
				CLANG_WARN_NON_LITERAL_NULL_CONVERSION = YES;
				CLANG_WARN_OBJC_IMPLICIT_RETAIN_SELF = YES;
				CLANG_WARN_OBJC_LITERAL_CONVERSION = YES;
				CLANG_WARN_OBJC_ROOT_CLASS = YES_ERROR;
				CLANG_WARN_RANGE_LOOP_ANALYSIS = YES;
				CLANG_WARN_STRICT_PROTOTYPES = YES;
				CLANG_WARN_SUSPICIOUS_MOVE = YES;
				CLANG_WARN_UNGUARDED_AVAILABILITY = YES_AGGRESSIVE;
				CLANG_WARN_UNREACHABLE_CODE = YES;
				CLANG_WARN__DUPLICATE_METHOD_MATCH = YES;
				COPY_PHASE_STRIP = NO;
				DEBUG_INFORMATION_FORMAT = dwarf;
				ENABLE_STRICT_OBJC_MSGSEND = YES;
				ENABLE_TESTABILITY = YES;
				GCC_C_LANGUAGE_STANDARD = gnu11;
				GCC_DYNAMIC_NO_PIC = NO;
				GCC_NO_COMMON_BLOCKS = YES;
				GCC_OPTIMIZATION_LEVEL = 0;
				GCC_PREPROCESSOR_DEFINITIONS = (
					"DEBUG=1",
					"$(inherited)",
				);
				GCC_WARN_64_TO_32_BIT_CONVERSION = YES;
				GCC_WARN_ABOUT_RETURN_TYPE = YES_ERROR;
				GCC_WARN_UNDECLARED_SELECTOR = YES;
				GCC_WARN_UNINITIALIZED_AUTOS = YES_AGGRESSIVE;
				GCC_WARN_UNUSED_FUNCTION = YES;
				GCC_WARN_UNUSED_VARIABLE = YES;
				IPHONEOS_DEPLOYMENT_TARGET = 13.5;
				MTL_ENABLE_DEBUG_INFO = INCLUDE_SOURCE;
				MTL_FAST_MATH = YES;
				ONLY_ACTIVE_ARCH = YES;
				SDKROOT = iphoneos;
				SWIFT_ACTIVE_COMPILATION_CONDITIONS = DEBUG;
				SWIFT_OPTIMIZATION_LEVEL = "-Onone";
			};
			name = Debug;
		};
		04C5CC9C24DD5FFD0071CF42 /* Release */ = {
			isa = XCBuildConfiguration;
			buildSettings = {
				ALWAYS_SEARCH_USER_PATHS = NO;
				CLANG_ANALYZER_NONNULL = YES;
				CLANG_ANALYZER_NUMBER_OBJECT_CONVERSION = YES_AGGRESSIVE;
				CLANG_CXX_LANGUAGE_STANDARD = "gnu++14";
				CLANG_CXX_LIBRARY = "libc++";
				CLANG_ENABLE_MODULES = YES;
				CLANG_ENABLE_OBJC_ARC = YES;
				CLANG_ENABLE_OBJC_WEAK = YES;
				CLANG_WARN_BLOCK_CAPTURE_AUTORELEASING = YES;
				CLANG_WARN_BOOL_CONVERSION = YES;
				CLANG_WARN_COMMA = YES;
				CLANG_WARN_CONSTANT_CONVERSION = YES;
				CLANG_WARN_DEPRECATED_OBJC_IMPLEMENTATIONS = YES;
				CLANG_WARN_DIRECT_OBJC_ISA_USAGE = YES_ERROR;
				CLANG_WARN_DOCUMENTATION_COMMENTS = YES;
				CLANG_WARN_EMPTY_BODY = YES;
				CLANG_WARN_ENUM_CONVERSION = YES;
				CLANG_WARN_INFINITE_RECURSION = YES;
				CLANG_WARN_INT_CONVERSION = YES;
				CLANG_WARN_NON_LITERAL_NULL_CONVERSION = YES;
				CLANG_WARN_OBJC_IMPLICIT_RETAIN_SELF = YES;
				CLANG_WARN_OBJC_LITERAL_CONVERSION = YES;
				CLANG_WARN_OBJC_ROOT_CLASS = YES_ERROR;
				CLANG_WARN_RANGE_LOOP_ANALYSIS = YES;
				CLANG_WARN_STRICT_PROTOTYPES = YES;
				CLANG_WARN_SUSPICIOUS_MOVE = YES;
				CLANG_WARN_UNGUARDED_AVAILABILITY = YES_AGGRESSIVE;
				CLANG_WARN_UNREACHABLE_CODE = YES;
				CLANG_WARN__DUPLICATE_METHOD_MATCH = YES;
				COPY_PHASE_STRIP = NO;
				DEBUG_INFORMATION_FORMAT = "dwarf-with-dsym";
				ENABLE_NS_ASSERTIONS = NO;
				ENABLE_STRICT_OBJC_MSGSEND = YES;
				GCC_C_LANGUAGE_STANDARD = gnu11;
				GCC_NO_COMMON_BLOCKS = YES;
				GCC_WARN_64_TO_32_BIT_CONVERSION = YES;
				GCC_WARN_ABOUT_RETURN_TYPE = YES_ERROR;
				GCC_WARN_UNDECLARED_SELECTOR = YES;
				GCC_WARN_UNINITIALIZED_AUTOS = YES_AGGRESSIVE;
				GCC_WARN_UNUSED_FUNCTION = YES;
				GCC_WARN_UNUSED_VARIABLE = YES;
				IPHONEOS_DEPLOYMENT_TARGET = 13.5;
				MTL_ENABLE_DEBUG_INFO = NO;
				MTL_FAST_MATH = YES;
				SDKROOT = iphoneos;
				SWIFT_COMPILATION_MODE = wholemodule;
				SWIFT_OPTIMIZATION_LEVEL = "-O";
				VALIDATE_PRODUCT = YES;
			};
			name = Release;
		};
		04C5CC9E24DD5FFD0071CF42 /* Debug */ = {
			isa = XCBuildConfiguration;
			baseConfigurationReference = 883A1225E9A968F31AD47CCA /* Pods-GetirReplika.debug.xcconfig */;
			buildSettings = {
				ASSETCATALOG_COMPILER_APPICON_NAME = AppIcon;
				CODE_SIGN_STYLE = Automatic;
				DEVELOPMENT_TEAM = RCJCFYZVVZ;
				INFOPLIST_FILE = GetirReplika/Info.plist;
				IPHONEOS_DEPLOYMENT_TARGET = 14.4;
				LD_RUNPATH_SEARCH_PATHS = (
					"$(inherited)",
					"@executable_path/Frameworks",
				);
				PRODUCT_BUNDLE_IDENTIFIER = com.metilli.getir;
				PRODUCT_NAME = "$(TARGET_NAME)";
				SWIFT_VERSION = 5.0;
				TARGETED_DEVICE_FAMILY = "1,2";
			};
			name = Debug;
		};
		04C5CC9F24DD5FFD0071CF42 /* Release */ = {
			isa = XCBuildConfiguration;
			baseConfigurationReference = 31BC2B5B24A987F9B4E89E85 /* Pods-GetirReplika.release.xcconfig */;
			buildSettings = {
				ASSETCATALOG_COMPILER_APPICON_NAME = AppIcon;
				CODE_SIGN_STYLE = Automatic;
				DEVELOPMENT_TEAM = RCJCFYZVVZ;
				INFOPLIST_FILE = GetirReplika/Info.plist;
				IPHONEOS_DEPLOYMENT_TARGET = 14.4;
				LD_RUNPATH_SEARCH_PATHS = (
					"$(inherited)",
					"@executable_path/Frameworks",
				);
				PRODUCT_BUNDLE_IDENTIFIER = com.metilli.getir;
				PRODUCT_NAME = "$(TARGET_NAME)";
				SWIFT_VERSION = 5.0;
				TARGETED_DEVICE_FAMILY = "1,2";
			};
			name = Release;
		};
/* End XCBuildConfiguration section */

/* Begin XCConfigurationList section */
		04C5CC8224DD5FFB0071CF42 /* Build configuration list for PBXProject "GetirReplika" */ = {
			isa = XCConfigurationList;
			buildConfigurations = (
				04C5CC9B24DD5FFD0071CF42 /* Debug */,
				04C5CC9C24DD5FFD0071CF42 /* Release */,
			);
			defaultConfigurationIsVisible = 0;
			defaultConfigurationName = Release;
		};
		04C5CC9D24DD5FFD0071CF42 /* Build configuration list for PBXNativeTarget "GetirReplika" */ = {
			isa = XCConfigurationList;
			buildConfigurations = (
				04C5CC9E24DD5FFD0071CF42 /* Debug */,
				04C5CC9F24DD5FFD0071CF42 /* Release */,
			);
			defaultConfigurationIsVisible = 0;
			defaultConfigurationName = Release;
		};
/* End XCConfigurationList section */

/* Begin XCVersionGroup section */
		04DF1CF22674B8F7008F9BDB /* ProductModel.xcdatamodeld */ = {
			isa = XCVersionGroup;
			children = (
				04DF1CF32674B8F7008F9BDB /* ProductModel.xcdatamodel */,
			);
			currentVersion = 04DF1CF32674B8F7008F9BDB /* ProductModel.xcdatamodel */;
			path = ProductModel.xcdatamodeld;
			sourceTree = "<group>";
			versionGroupType = wrapper.xcdatamodel;
		};
/* End XCVersionGroup section */
	};
	rootObject = 04C5CC7F24DD5FFB0071CF42 /* Project object */;
}
